
Microsoft Visual Studio Solution File, Format Version 12.00
# Visual Studio Version 17
VisualStudioVersion = 17.8.34408.163
MinimumVisualStudioVersion = 10.0.40219.1
Project("{FAE04EC0-301F-11D3-BF4B-00C04F79EFBC}") = "Train Ticket Booking System", "Train Ticket Booking System\Train Ticket Booking System.csproj", "{6C782C8B-BAA9-45D4-874F-B03F9C416AD7}"
EndProject
Global
	GlobalSection(SolutionConfigurationPlatforms) = preSolution
		Debug|Any CPU = Debug|Any CPU
		Release|Any CPU = Release|Any CPU
	EndGlobalSection
	GlobalSection(ProjectConfigurationPlatforms) = postSolution
		{6C782C8B-BAA9-45D4-874F-B03F9C416AD7}.Debug|Any CPU.ActiveCfg = Debug|Any CPU
		{6C782C8B-BAA9-45D4-874F-B03F9C416AD7}.Debug|Any CPU.Build.0 = Debug|Any CPU
		{6C782C8B-BAA9-45D4-874F-B03F9C416AD7}.Release|Any CPU.ActiveCfg = Release|Any CPU
		{6C782C8B-BAA9-45D4-874F-B03F9C416AD7}.Release|Any CPU.Build.0 = Release|Any CPU
	EndGlobalSection
	GlobalSection(SolutionProperties) = preSolution
		HideSolutionNode = FALSE
	EndGlobalSection
	GlobalSection(ExtensibilityGlobals) = postSolution
		SolutionGuid = {ECCFDA01-C5B7-4E1A-9F33-F6FC8E9C39BD}
	EndGlobalSection
EndGlobal
